// !$*UTF8*$!
{
	archiveVersion = 1;
	classes = {
	};
	objectVersion = 46;
	objects = {

/* Begin PBXBuildFile section */
		5E2DA4BF1DF94F9600F7FB12 /* DetailViewController.swift in Sources */ = {isa = PBXBuildFile; fileRef = 5E2DA4BE1DF94F9500F7FB12 /* DetailViewController.swift */; };
		5E2DA4C11DF95CD400F7FB12 /* DimmingPresentationController.swift in Sources */ = {isa = PBXBuildFile; fileRef = 5E2DA4C01DF95CD400F7FB12 /* DimmingPresentationController.swift */; };
		5E53C97E1DF443350049C754 /* SearchResult.swift in Sources */ = {isa = PBXBuildFile; fileRef = 5E53C97D1DF443350049C754 /* SearchResult.swift */; };
		5E5B69891DFA9A34003033D5 /* FadeOutAnimationController.swift in Sources */ = {isa = PBXBuildFile; fileRef = 5E5B69881DFA9A34003033D5 /* FadeOutAnimationController.swift */; };
		5E7979461DF99CA00060EBDF /* GradientView.swift in Sources */ = {isa = PBXBuildFile; fileRef = 5E7979451DF99CA00060EBDF /* GradientView.swift */; };
		5E7979481DF9A3BA0060EBDF /* BounceAnimationController.swift in Sources */ = {isa = PBXBuildFile; fileRef = 5E7979471DF9A3BA0060EBDF /* BounceAnimationController.swift */; };
		5E79794A1DF9ACB40060EBDF /* SlideOutAnimationController.swift in Sources */ = {isa = PBXBuildFile; fileRef = 5E7979491DF9ACB40060EBDF /* SlideOutAnimationController.swift */; };
		5E79794C1DF9B2390060EBDF /* LandscapeViewController.swift in Sources */ = {isa = PBXBuildFile; fileRef = 5E79794B1DF9B2390060EBDF /* LandscapeViewController.swift */; };
		5EBD1A6A1DF24A320002987B /* AppDelegate.swift in Sources */ = {isa = PBXBuildFile; fileRef = 5EBD1A691DF24A320002987B /* AppDelegate.swift */; };
		5EBD1A6C1DF24A320002987B /* SearchViewController.swift in Sources */ = {isa = PBXBuildFile; fileRef = 5EBD1A6B1DF24A320002987B /* SearchViewController.swift */; };
		5EBD1A6F1DF24A320002987B /* Main.storyboard in Resources */ = {isa = PBXBuildFile; fileRef = 5EBD1A6D1DF24A320002987B /* Main.storyboard */; };
		5EBD1A711DF24A320002987B /* Assets.xcassets in Resources */ = {isa = PBXBuildFile; fileRef = 5EBD1A701DF24A320002987B /* Assets.xcassets */; };
		5EE07D5E1DF58773003BC00A /* SearchResultCell.xib in Resources */ = {isa = PBXBuildFile; fileRef = 5EE07D5D1DF58773003BC00A /* SearchResultCell.xib */; };
		5EE07D601DF59617003BC00A /* SearchResultCell.swift in Sources */ = {isa = PBXBuildFile; fileRef = 5EE07D5F1DF59617003BC00A /* SearchResultCell.swift */; };
		5EE07D641DF59FBD003BC00A /* NothingFoundCell.xib in Resources */ = {isa = PBXBuildFile; fileRef = 5EE07D631DF59FBD003BC00A /* NothingFoundCell.xib */; };
		5EE5BA7B1DF705FC00460E0E /* LoadingCell.xib in Resources */ = {isa = PBXBuildFile; fileRef = 5EE5BA7A1DF705FC00460E0E /* LoadingCell.xib */; };
		5EE7DF311E0132F900270B68 /* Search.swift in Sources */ = {isa = PBXBuildFile; fileRef = 5EE7DF301E0132F900270B68 /* Search.swift */; };
		5EEA99261DF8540B008B4C5E /* UIImageView+DownloadImage.swift in Sources */ = {isa = PBXBuildFile; fileRef = 5EEA99251DF8540B008B4C5E /* UIImageView+DownloadImage.swift */; };
/* End PBXBuildFile section */

/* Begin PBXFileReference section */
		5E2DA4BE1DF94F9500F7FB12 /* DetailViewController.swift */ = {isa = PBXFileReference; fileEncoding = 4; lastKnownFileType = sourcecode.swift; path = DetailViewController.swift; sourceTree = "<group>"; };
		5E2DA4C01DF95CD400F7FB12 /* DimmingPresentationController.swift */ = {isa = PBXFileReference; fileEncoding = 4; lastKnownFileType = sourcecode.swift; path = DimmingPresentationController.swift; sourceTree = "<group>"; };
		5E53C97D1DF443350049C754 /* SearchResult.swift */ = {isa = PBXFileReference; fileEncoding = 4; lastKnownFileType = sourcecode.swift; path = SearchResult.swift; sourceTree = "<group>"; };
		5E5B69881DFA9A34003033D5 /* FadeOutAnimationController.swift */ = {isa = PBXFileReference; fileEncoding = 4; lastKnownFileType = sourcecode.swift; path = FadeOutAnimationController.swift; sourceTree = "<group>"; };
		5E7979451DF99CA00060EBDF /* GradientView.swift */ = {isa = PBXFileReference; fileEncoding = 4; lastKnownFileType = sourcecode.swift; path = GradientView.swift; sourceTree = "<group>"; };
		5E7979471DF9A3BA0060EBDF /* BounceAnimationController.swift */ = {isa = PBXFileReference; fileEncoding = 4; lastKnownFileType = sourcecode.swift; path = BounceAnimationController.swift; sourceTree = "<group>"; };
		5E7979491DF9ACB40060EBDF /* SlideOutAnimationController.swift */ = {isa = PBXFileReference; fileEncoding = 4; lastKnownFileType = sourcecode.swift; path = SlideOutAnimationController.swift; sourceTree = "<group>"; };
		5E79794B1DF9B2390060EBDF /* LandscapeViewController.swift */ = {isa = PBXFileReference; fileEncoding = 4; lastKnownFileType = sourcecode.swift; path = LandscapeViewController.swift; sourceTree = "<group>"; };
		5EBD1A661DF24A320002987B /* StoreSearch.app */ = {isa = PBXFileReference; explicitFileType = wrapper.application; includeInIndex = 0; path = StoreSearch.app; sourceTree = BUILT_PRODUCTS_DIR; };
		5EBD1A691DF24A320002987B /* AppDelegate.swift */ = {isa = PBXFileReference; lastKnownFileType = sourcecode.swift; path = AppDelegate.swift; sourceTree = "<group>"; };
		5EBD1A6B1DF24A320002987B /* SearchViewController.swift */ = {isa = PBXFileReference; lastKnownFileType = sourcecode.swift; path = SearchViewController.swift; sourceTree = "<group>"; };
		5EBD1A6E1DF24A320002987B /* Base */ = {isa = PBXFileReference; lastKnownFileType = file.storyboard; name = Base; path = Base.lproj/Main.storyboard; sourceTree = "<group>"; };
		5EBD1A701DF24A320002987B /* Assets.xcassets */ = {isa = PBXFileReference; lastKnownFileType = folder.assetcatalog; path = Assets.xcassets; sourceTree = "<group>"; };
		5EBD1A751DF24A320002987B /* Info.plist */ = {isa = PBXFileReference; lastKnownFileType = text.plist.xml; path = Info.plist; sourceTree = "<group>"; };
		5EE07D5D1DF58773003BC00A /* SearchResultCell.xib */ = {isa = PBXFileReference; fileEncoding = 4; lastKnownFileType = file.xib; path = SearchResultCell.xib; sourceTree = "<group>"; };
		5EE07D5F1DF59617003BC00A /* SearchResultCell.swift */ = {isa = PBXFileReference; fileEncoding = 4; lastKnownFileType = sourcecode.swift; path = SearchResultCell.swift; sourceTree = "<group>"; };
		5EE07D631DF59FBD003BC00A /* NothingFoundCell.xib */ = {isa = PBXFileReference; fileEncoding = 4; lastKnownFileType = file.xib; path = NothingFoundCell.xib; sourceTree = "<group>"; };
		5EE5BA7A1DF705FC00460E0E /* LoadingCell.xib */ = {isa = PBXFileReference; fileEncoding = 4; lastKnownFileType = file.xib; path = LoadingCell.xib; sourceTree = "<group>"; };
		5EE7DF301E0132F900270B68 /* Search.swift */ = {isa = PBXFileReference; fileEncoding = 4; lastKnownFileType = sourcecode.swift; path = Search.swift; sourceTree = "<group>"; };
		5EEA99251DF8540B008B4C5E /* UIImageView+DownloadImage.swift */ = {isa = PBXFileReference; fileEncoding = 4; lastKnownFileType = sourcecode.swift; path = "UIImageView+DownloadImage.swift"; sourceTree = "<group>"; };
/* End PBXFileReference section */

/* Begin PBXFrameworksBuildPhase section */
		5EBD1A631DF24A320002987B /* Frameworks */ = {
			isa = PBXFrameworksBuildPhase;
			buildActionMask = 2147483647;
			files = (
			);
			runOnlyForDeploymentPostprocessing = 0;
		};
/* End PBXFrameworksBuildPhase section */

/* Begin PBXGroup section */
		5EB9B0361DFE8F9400D15B43 /* controller */ = {
			isa = PBXGroup;
			children = (
				5EB9B03B1DFE902400D15B43 /* animation */,
				5E2DA4BE1DF94F9500F7FB12 /* DetailViewController.swift */,
				5EBD1A6B1DF24A320002987B /* SearchViewController.swift */,
				5E79794B1DF9B2390060EBDF /* LandscapeViewController.swift */,
			);
			name = controller;
			sourceTree = "<group>";
		};
		5EB9B0371DFE8F9B00D15B43 /* model */ = {
			isa = PBXGroup;
			children = (
				5EE07D5F1DF59617003BC00A /* SearchResultCell.swift */,
				5E53C97D1DF443350049C754 /* SearchResult.swift */,
			);
			name = model;
			sourceTree = "<group>";
		};
		5EB9B0381DFE8FC600D15B43 /* view */ = {
			isa = PBXGroup;
			children = (
				5E7979451DF99CA00060EBDF /* GradientView.swift */,
				5EEA99251DF8540B008B4C5E /* UIImageView+DownloadImage.swift */,
			);
			name = view;
			sourceTree = "<group>";
		};
		5EB9B0391DFE8FFC00D15B43 /* res */ = {
			isa = PBXGroup;
			children = (
				5EB9B03A1DFE901000D15B43 /* xib */,
				5EBD1A751DF24A320002987B /* Info.plist */,
				5EBD1A701DF24A320002987B /* Assets.xcassets */,
				5EBD1A6D1DF24A320002987B /* Main.storyboard */,
			);
			name = res;
			sourceTree = "<group>";
		};
		5EB9B03A1DFE901000D15B43 /* xib */ = {
			isa = PBXGroup;
			children = (
				5EE07D631DF59FBD003BC00A /* NothingFoundCell.xib */,
				5EE07D5D1DF58773003BC00A /* SearchResultCell.xib */,
				5EE5BA7A1DF705FC00460E0E /* LoadingCell.xib */,
			);
			name = xib;
			sourceTree = "<group>";
		};
		5EB9B03B1DFE902400D15B43 /* animation */ = {
			isa = PBXGroup;
			children = (
				5E2DA4C01DF95CD400F7FB12 /* DimmingPresentationController.swift */,
				5E5B69881DFA9A34003033D5 /* FadeOutAnimationController.swift */,
				5E7979491DF9ACB40060EBDF /* SlideOutAnimationController.swift */,
				5E7979471DF9A3BA0060EBDF /* BounceAnimationController.swift */,
			);
			name = animation;
			sourceTree = "<group>";
		};
		5EBD1A5D1DF24A320002987B = {
			isa = PBXGroup;
			children = (
				5EBD1A681DF24A320002987B /* StoreSearch */,
				5EBD1A671DF24A320002987B /* Products */,
			);
			sourceTree = "<group>";
		};
		5EBD1A671DF24A320002987B /* Products */ = {
			isa = PBXGroup;
			children = (
				5EBD1A661DF24A320002987B /* StoreSearch.app */,
			);
			name = Products;
			sourceTree = "<group>";
		};
		5EBD1A681DF24A320002987B /* StoreSearch */ = {
			isa = PBXGroup;
			children = (
				5EB9B0361DFE8F9400D15B43 /* controller */,
				5EB9B0371DFE8F9B00D15B43 /* model */,
				5EB9B0381DFE8FC600D15B43 /* view */,
				5EBD1A691DF24A320002987B /* AppDelegate.swift */,
				5EB9B0391DFE8FFC00D15B43 /* res */,
				5EE7DF301E0132F900270B68 /* Search.swift */,
			);
			path = StoreSearch;
			sourceTree = "<group>";
		};
/* End PBXGroup section */

/* Begin PBXNativeTarget section */
		5EBD1A651DF24A320002987B /* StoreSearch */ = {
			isa = PBXNativeTarget;
			buildConfigurationList = 5EBD1A781DF24A320002987B /* Build configuration list for PBXNativeTarget "StoreSearch" */;
			buildPhases = (
				5EBD1A621DF24A320002987B /* Sources */,
				5EBD1A631DF24A320002987B /* Frameworks */,
				5EBD1A641DF24A320002987B /* Resources */,
			);
			buildRules = (
			);
			dependencies = (
			);
			name = StoreSearch;
			productName = StoreSearch;
			productReference = 5EBD1A661DF24A320002987B /* StoreSearch.app */;
			productType = "com.apple.product-type.application";
		};
/* End PBXNativeTarget section */

/* Begin PBXProject section */
		5EBD1A5E1DF24A320002987B /* Project object */ = {
			isa = PBXProject;
			attributes = {
				LastSwiftUpdateCheck = 0810;
				LastUpgradeCheck = 0810;
				ORGANIZATIONNAME = Patryk;
				TargetAttributes = {
					5EBD1A651DF24A320002987B = {
						CreatedOnToolsVersion = 8.1;
						ProvisioningStyle = Automatic;
					};
				};
			};
			buildConfigurationList = 5EBD1A611DF24A320002987B /* Build configuration list for PBXProject "StoreSearch" */;
			compatibilityVersion = "Xcode 3.2";
			developmentRegion = English;
			hasScannedForEncodings = 0;
			knownRegions = (
				en,
				Base,
			);
			mainGroup = 5EBD1A5D1DF24A320002987B;
			productRefGroup = 5EBD1A671DF24A320002987B /* Products */;
			projectDirPath = "";
			projectRoot = "";
			targets = (
				5EBD1A651DF24A320002987B /* StoreSearch */,
			);
		};
/* End PBXProject section */

/* Begin PBXResourcesBuildPhase section */
		5EBD1A641DF24A320002987B /* Resources */ = {
			isa = PBXResourcesBuildPhase;
			buildActionMask = 2147483647;
			files = (
				5EBD1A711DF24A320002987B /* Assets.xcassets in Resources */,
				5EE5BA7B1DF705FC00460E0E /* LoadingCell.xib in Resources */,
				5EE07D5E1DF58773003BC00A /* SearchResultCell.xib in Resources */,
				5EE07D641DF59FBD003BC00A /* NothingFoundCell.xib in Resources */,
				5EBD1A6F1DF24A320002987B /* Main.storyboard in Resources */,
			);
			runOnlyForDeploymentPostprocessing = 0;
		};
/* End PBXResourcesBuildPhase section */

/* Begin PBXSourcesBuildPhase section */
		5EBD1A621DF24A320002987B /* Sources */ = {
			isa = PBXSourcesBuildPhase;
			buildActionMask = 2147483647;
			files = (
				5EE7DF311E0132F900270B68 /* Search.swift in Sources */,
				5EBD1A6C1DF24A320002987B /* SearchViewController.swift in Sources */,
				5E2DA4C11DF95CD400F7FB12 /* DimmingPresentationController.swift in Sources */,
				5E5B69891DFA9A34003033D5 /* FadeOutAnimationController.swift in Sources */,
				5E53C97E1DF443350049C754 /* SearchResult.swift in Sources */,
				5EE07D601DF59617003BC00A /* SearchResultCell.swift in Sources */,
				5E7979481DF9A3BA0060EBDF /* BounceAnimationController.swift in Sources */,
				5E79794C1DF9B2390060EBDF /* LandscapeViewController.swift in Sources */,
				5E2DA4BF1DF94F9600F7FB12 /* DetailViewController.swift in Sources */,
				5EBD1A6A1DF24A320002987B /* AppDelegate.swift in Sources */,
				5E7979461DF99CA00060EBDF /* GradientView.swift in Sources */,
				5EEA99261DF8540B008B4C5E /* UIImageView+DownloadImage.swift in Sources */,
				5E79794A1DF9ACB40060EBDF /* SlideOutAnimationController.swift in Sources */,
			);
			runOnlyForDeploymentPostprocessing = 0;
		};
/* End PBXSourcesBuildPhase section */

/* Begin PBXVariantGroup section */
		5EBD1A6D1DF24A320002987B /* Main.storyboard */ = {
			isa = PBXVariantGroup;
			children = (
				5EBD1A6E1DF24A320002987B /* Base */,
			);
			name = Main.storyboard;
			sourceTree = "<group>";
		};
/* End PBXVariantGroup section */

/* Begin XCBuildConfiguration section */
		5EBD1A761DF24A320002987B /* Debug */ = {
			isa = XCBuildConfiguration;
			buildSettings = {
				ALWAYS_SEARCH_USER_PATHS = NO;
				CLANG_ANALYZER_NONNULL = YES;
				CLANG_CXX_LANGUAGE_STANDARD = "gnu++0x";
				CLANG_CXX_LIBRARY = "libc++";
				CLANG_ENABLE_MODULES = YES;
				CLANG_ENABLE_OBJC_ARC = YES;
				CLANG_WARN_BOOL_CONVERSION = YES;
				CLANG_WARN_CONSTANT_CONVERSION = YES;
				CLANG_WARN_DIRECT_OBJC_ISA_USAGE = YES_ERROR;
				CLANG_WARN_DOCUMENTATION_COMMENTS = YES;
				CLANG_WARN_EMPTY_BODY = YES;
				CLANG_WARN_ENUM_CONVERSION = YES;
				CLANG_WARN_INFINITE_RECURSION = YES;
				CLANG_WARN_INT_CONVERSION = YES;
				CLANG_WARN_OBJC_ROOT_CLASS = YES_ERROR;
				CLANG_WARN_SUSPICIOUS_MOVES = YES;
				CLANG_WARN_UNREACHABLE_CODE = YES;
				CLANG_WARN__DUPLICATE_METHOD_MATCH = YES;
				"CODE_SIGN_IDENTITY[sdk=iphoneos*]" = "iPhone Developer";
				COPY_PHASE_STRIP = NO;
				DEBUG_INFORMATION_FORMAT = dwarf;
				ENABLE_STRICT_OBJC_MSGSEND = YES;
				ENABLE_TESTABILITY = YES;
				GCC_C_LANGUAGE_STANDARD = gnu99;
				GCC_DYNAMIC_NO_PIC = NO;
				GCC_NO_COMMON_BLOCKS = YES;
				GCC_OPTIMIZATION_LEVEL = 0;
				GCC_PREPROCESSOR_DEFINITIONS = (
					"DEBUG=1",
					"$(inherited)",
				);
				GCC_WARN_64_TO_32_BIT_CONVERSION = YES;
				GCC_WARN_ABOUT_RETURN_TYPE = YES_ERROR;
				GCC_WARN_UNDECLARED_SELECTOR = YES;
				GCC_WARN_UNINITIALIZED_AUTOS = YES_AGGRESSIVE;
				GCC_WARN_UNUSED_FUNCTION = YES;
				GCC_WARN_UNUSED_VARIABLE = YES;
				IPHONEOS_DEPLOYMENT_TARGET = 10.1;
				MTL_ENABLE_DEBUG_INFO = YES;
				ONLY_ACTIVE_ARCH = YES;
				SDKROOT = iphoneos;
				SWIFT_ACTIVE_COMPILATION_CONDITIONS = DEBUG;
				SWIFT_OPTIMIZATION_LEVEL = "-Onone";
			};
			name = Debug;
		};
		5EBD1A771DF24A320002987B /* Release */ = {
			isa = XCBuildConfiguration;
			buildSettings = {
				ALWAYS_SEARCH_USER_PATHS = NO;
				CLANG_ANALYZER_NONNULL = YES;
				CLANG_CXX_LANGUAGE_STANDARD = "gnu++0x";
				CLANG_CXX_LIBRARY = "libc++";
				CLANG_ENABLE_MODULES = YES;
				CLANG_ENABLE_OBJC_ARC = YES;
				CLANG_WARN_BOOL_CONVERSION = YES;
				CLANG_WARN_CONSTANT_CONVERSION = YES;
				CLANG_WARN_DIRECT_OBJC_ISA_USAGE = YES_ERROR;
				CLANG_WARN_DOCUMENTATION_COMMENTS = YES;
				CLANG_WARN_EMPTY_BODY = YES;
				CLANG_WARN_ENUM_CONVERSION = YES;
				CLANG_WARN_INFINITE_RECURSION = YES;
				CLANG_WARN_INT_CONVERSION = YES;
				CLANG_WARN_OBJC_ROOT_CLASS = YES_ERROR;
				CLANG_WARN_SUSPICIOUS_MOVES = YES;
				CLANG_WARN_UNREACHABLE_CODE = YES;
				CLANG_WARN__DUPLICATE_METHOD_MATCH = YES;
				"CODE_SIGN_IDENTITY[sdk=iphoneos*]" = "iPhone Developer";
				COPY_PHASE_STRIP = NO;
				DEBUG_INFORMATION_FORMAT = "dwarf-with-dsym";
				ENABLE_NS_ASSERTIONS = NO;
				ENABLE_STRICT_OBJC_MSGSEND = YES;
				GCC_C_LANGUAGE_STANDARD = gnu99;
				GCC_NO_COMMON_BLOCKS = YES;
				GCC_WARN_64_TO_32_BIT_CONVERSION = YES;
				GCC_WARN_ABOUT_RETURN_TYPE = YES_ERROR;
				GCC_WARN_UNDECLARED_SELECTOR = YES;
				GCC_WARN_UNINITIALIZED_AUTOS = YES_AGGRESSIVE;
				GCC_WARN_UNUSED_FUNCTION = YES;
				GCC_WARN_UNUSED_VARIABLE = YES;
				IPHONEOS_DEPLOYMENT_TARGET = 10.1;
				MTL_ENABLE_DEBUG_INFO = NO;
				SDKROOT = iphoneos;
				SWIFT_OPTIMIZATION_LEVEL = "-Owholemodule";
				VALIDATE_PRODUCT = YES;
			};
			name = Release;
		};
		5EBD1A791DF24A320002987B /* Debug */ = {
			isa = XCBuildConfiguration;
			buildSettings = {
				ASSETCATALOG_COMPILER_APPICON_NAME = AppIcon;
				INFOPLIST_FILE = StoreSearch/Info.plist;
				LD_RUNPATH_SEARCH_PATHS = "$(inherited) @executable_path/Frameworks";
				PRODUCT_BUNDLE_IDENTIFIER = com.appcoda.StoreSearch;
				PRODUCT_NAME = "$(TARGET_NAME)";
				SWIFT_VERSION = 3.0;
			};
			name = Debug;
		};
		5EBD1A7A1DF24A320002987B /* Release */ = {
			isa = XCBuildConfiguration;
			buildSettings = {
				ASSETCATALOG_COMPILER_APPICON_NAME = AppIcon;
				INFOPLIST_FILE = StoreSearch/Info.plist;
				LD_RUNPATH_SEARCH_PATHS = "$(inherited) @executable_path/Frameworks";
				PRODUCT_BUNDLE_IDENTIFIER = com.appcoda.StoreSearch;
				PRODUCT_NAME = "$(TARGET_NAME)";
				SWIFT_VERSION = 3.0;
			};
			name = Release;
		};
/* End XCBuildConfiguration section */

/* Begin XCConfigurationList section */
		5EBD1A611DF24A320002987B /* Build configuration list for PBXProject "StoreSearch" */ = {
			isa = XCConfigurationList;
			buildConfigurations = (
				5EBD1A761DF24A320002987B /* Debug */,
				5EBD1A771DF24A320002987B /* Release */,
			);
			defaultConfigurationIsVisible = 0;
			defaultConfigurationName = Release;
		};
		5EBD1A781DF24A320002987B /* Build configuration list for PBXNativeTarget "StoreSearch" */ = {
			isa = XCConfigurationList;
			buildConfigurations = (
				5EBD1A791DF24A320002987B /* Debug */,
				5EBD1A7A1DF24A320002987B /* Release */,
			);
			defaultConfigurationIsVisible = 0;
			defaultConfigurationName = Release;
		};
/* End XCConfigurationList section */
	};
	rootObject = 5EBD1A5E1DF24A320002987B /* Project object */;
}
